
Microsoft Visual Studio Solution File, Format Version 12.00
# Visual Studio Version 17
VisualStudioVersion = 17.14.36915.13 d17.14
MinimumVisualStudioVersion = 10.0.40219.1
Project("{2150E333-8FDC-42A3-9474-1A3956D46DE8}") = "documents", "documents", "{02EA681E-C7D8-13C7-8484-4AC65E1B71E8}"
	ProjectSection(SolutionItems) = preProject
		formal-specification.md = formal-specification.md
		hazards.md = hazards.md
		requirements.md = requirements.md
		test-plan.md = test-plan.md
		traceability-matrix.md = traceability-matrix.md
	EndProjectSection
EndProject
Project("{FAE04EC0-301F-11D3-BF4B-00C04F79EFBC}") = "TrafficLightControlSystem.Core", "TrafficLightControlSystem.Core\TrafficLightControlSystem.Core.csproj", "{91DD67F6-28C7-4065-A0C2-12E9185D3906}"
EndProject
Project("{FAE04EC0-301F-11D3-BF4B-00C04F79EFBC}") = "TrafficLightControlSystem.Tests", "TrafficLightControlSystem.Tests\TrafficLightControlSystem.Tests.csproj", "{705D24D2-F7E7-4EB5-A959-4079FE6E590E}"
EndProject
Global
	GlobalSection(SolutionConfigurationPlatforms) = preSolution
		Debug|Any CPU = Debug|Any CPU
		Release|Any CPU = Release|Any CPU
	EndGlobalSection
	GlobalSection(ProjectConfigurationPlatforms) = postSolution
		{91DD67F6-28C7-4065-A0C2-12E9185D3906}.Debug|Any CPU.ActiveCfg = Debug|Any CPU
		{91DD67F6-28C7-4065-A0C2-12E9185D3906}.Debug|Any CPU.Build.0 = Debug|Any CPU
		{91DD67F6-28C7-4065-A0C2-12E9185D3906}.Release|Any CPU.ActiveCfg = Release|Any CPU
		{91DD67F6-28C7-4065-A0C2-12E9185D3906}.Release|Any CPU.Build.0 = Release|Any CPU
		{705D24D2-F7E7-4EB5-A959-4079FE6E590E}.Debug|Any CPU.ActiveCfg = Debug|Any CPU
		{705D24D2-F7E7-4EB5-A959-4079FE6E590E}.Debug|Any CPU.Build.0 = Debug|Any CPU
		{705D24D2-F7E7-4EB5-A959-4079FE6E590E}.Release|Any CPU.ActiveCfg = Release|Any CPU
		{705D24D2-F7E7-4EB5-A959-4079FE6E590E}.Release|Any CPU.Build.0 = Release|Any CPU
	EndGlobalSection
	GlobalSection(SolutionProperties) = preSolution
		HideSolutionNode = FALSE
	EndGlobalSection
	GlobalSection(ExtensibilityGlobals) = postSolution
		SolutionGuid = {640EE583-6D90-4314-A68E-4074F215BEA4}
	EndGlobalSection
EndGlobal
